github.com/neclepsio/gl v0.0.0-20200622061412-49996e615224 h1:Wfuv5/UeFYV8V4GxIs2vwzvhgOCWi+SeVhW/Bv2GiEI=
github.com/neclepsio/gl v0.0.0-20200622061412-49996e615224/go.mod h1:MA6x3vxq/OZugk8sLZr3xCoJWd3LINvt+Rk6HAtWGvE=
golang.org/x/sys v0.0.0-20200615200032-f1bc736245b1/go.mod h1:h1NjWce9XRLGQEsW7wpKNCjG9DtNlClVuFLEZdDNbEs=
golang.org/x/sys v0.34.0 h1:H5Y5sJ2L2JRdyv7ROF1he/lPdvFsd0mJHFw2ThKHxLA=
golang.org/x/sys v0.34.0/go.mod h1:BJP2sWEmIv4KK5OTEluFJCKSidICx8ciO85XgH3Ak8k=
golang.org/x/sys v0.36.0 h1:KVRy2GtZBrk1cBYA7MKu5bEZFxQk4NIDV6RLVcC8o0k=
golang.org/x/sys v0.36.0/go.mod h1:OgkHotnGiDImocRcuBABYBEXf8A9a87e/uXjp9XT3ks=
